
Microsoft Visual Studio Solution File, Format Version 12.00
# Visual Studio Version 16
VisualStudioVersion = 16.0.31729.503
MinimumVisualStudioVersion = 10.0.40219.1
Project("{9A19103F-16F7-4668-BE54-9A1E7A4F7556}") = "Booking", "Booking\Booking.csproj", "{AA335A48-FAEF-485C-993A-8A7A63CBD845}"
EndProject
Project("{FAE04EC0-301F-11D3-BF4B-00C04F79EFBC}") = "RazorClassLibrary", "RazorClassLibrary\RazorClassLibrary.csproj", "{133D2086-8ECC-4B3C-8BEA-10A4AB487E2B}"
EndProject
Global
	GlobalSection(SolutionConfigurationPlatforms) = preSolution
		Debug|Any CPU = Debug|Any CPU
		Release|Any CPU = Release|Any CPU
	EndGlobalSection
	GlobalSection(ProjectConfigurationPlatforms) = postSolution
		{AA335A48-FAEF-485C-993A-8A7A63CBD845}.Debug|Any CPU.ActiveCfg = Debug|Any CPU
		{AA335A48-FAEF-485C-993A-8A7A63CBD845}.Debug|Any CPU.Build.0 = Debug|Any CPU
		{AA335A48-FAEF-485C-993A-8A7A63CBD845}.Release|Any CPU.ActiveCfg = Release|Any CPU
		{AA335A48-FAEF-485C-993A-8A7A63CBD845}.Release|Any CPU.Build.0 = Release|Any CPU
		{133D2086-8ECC-4B3C-8BEA-10A4AB487E2B}.Debug|Any CPU.ActiveCfg = Debug|Any CPU
		{133D2086-8ECC-4B3C-8BEA-10A4AB487E2B}.Debug|Any CPU.Build.0 = Debug|Any CPU
		{133D2086-8ECC-4B3C-8BEA-10A4AB487E2B}.Release|Any CPU.ActiveCfg = Release|Any CPU
		{133D2086-8ECC-4B3C-8BEA-10A4AB487E2B}.Release|Any CPU.Build.0 = Release|Any CPU
	EndGlobalSection
	GlobalSection(SolutionProperties) = preSolution
		HideSolutionNode = FALSE
	EndGlobalSection
	GlobalSection(ExtensibilityGlobals) = postSolution
		SolutionGuid = {3E6DD4F4-386B-41FB-A3F2-10BDD7C80A59}
	EndGlobalSection
EndGlobal
